{
  "name": "factoid",
  "version": "0.0.0",
  "dependencies": {
    "derby": {
      "version": "0.3.13",
      "dependencies": {
        "dom-shim": {
          "version": "0.1.1"
        },
        "html-util": {
          "version": "0.1.3"
        },
        "tracks": {
          "version": "0.1.8",
          "dependencies": {
            "express": {
              "version": "3.0.0beta3",
              "dependencies": {
                "connect": {
                  "version": "2.3.3",
                  "dependencies": {
                    "qs": {
                      "version": "0.4.2"
                    },
                    "mime": {
                      "version": "1.2.4"
                    },
                    "formidable": {
                      "version": "1.0.11"
                    },
                    "bytes": {
                      "version": "0.0.1"
                    },
                    "range-parser": {
                      "version": "0.0.1"
                    }
                  }
                },
                "commander": {
                  "version": "0.6.1"
                },
                "mkdirp": {
                  "version": "0.3.2"
                },
                "cookie": {
                  "version": "0.0.3"
                },
                "crc": {
                  "version": "0.2.0"
                },
                "fresh": {
                  "version": "0.0.1"
                },
                "debug": {
                  "version": "0.7.0"
                }
              }
            },
            "qs": {
              "version": "0.5.0"
            }
          }
        },
        "racer": {
          "version": "0.3.13",
          "dependencies": {
            "socket.io": {
              "version": "0.9.10",
              "dependencies": {
                "policyfile": {
                  "version": "0.0.4"
                },
                "redis": {
                  "version": "0.7.2",
                  "dependencies": {
                    "hiredis": {
                      "version": "0.1.14"
                    }
                  }
                }
              }
            },
            "socket.io-client": {
              "version": "0.9.10",
              "dependencies": {
                "uglify-js": {
                  "version": "1.2.5"
                },
                "ws": {
                  "version": "0.4.21",
                  "dependencies": {
                    "commander": {
                      "version": "0.6.1"
                    },
                    "tinycolor": {
                      "version": "0.0.1"
                    },
                    "options": {
                      "version": "0.0.3"
                    }
                  }
                },
                "xmlhttprequest": {
                  "version": "1.4.2"
                },
                "active-x-obfuscator": {
                  "version": "0.0.1",
                  "dependencies": {
                    "zeparser": {
                      "version": "0.0.5"
                    }
                  }
                }
              }
            },
            "es5-shim": {
              "version": "1.2.10"
            },
            "browserify": {
              "version": "1.15.3",
              "dependencies": {
                "detective": {
                  "version": "0.2.1",
                  "dependencies": {
                    "esprima": {
                      "version": "0.9.9"
                    }
                  }
                },
                "buffer-browserify": {
                  "version": "0.0.2",
                  "dependencies": {
                    "base64-js": {
                      "version": "0.0.2"
                    }
                  }
                },
                "deputy": {
                  "version": "0.0.3"
                },
                "syntax-error": {
                  "version": "0.0.0",
                  "dependencies": {
                    "esprima": {
                      "version": "0.9.9"
                    }
                  }
                },
                "resolve": {
                  "version": "0.2.3"
                },
                "nub": {
                  "version": "0.0.0"
                },
                "commondir": {
                  "version": "0.0.1"
                },
                "optimist": {
                  "version": "0.3.4",
                  "dependencies": {
                    "wordwrap": {
                      "version": "0.0.2"
                    }
                  }
                },
                "http-browserify": {
                  "version": "0.1.2",
                  "dependencies": {
                    "concat-stream": {
                      "version": "0.0.8"
                    }
                  }
                },
                "vm-browserify": {
                  "version": "0.0.1"
                },
                "crypto-browserify": {
                  "version": "0.1.1"
                }
              }
            },
            "uglify-js": {
              "version": "1.3.3"
            },
            "share": {
              "version": "0.4.1",
              "dependencies": {
                "socket.io": {
                  "version": "0.8.7",
                  "dependencies": {
                    "policyfile": {
                      "version": "0.0.4"
                    },
                    "redis": {
                      "version": "0.6.7"
                    }
                  }
                },
                "socket.io-client": {
                  "version": "0.8.7",
                  "dependencies": {
                    "uglify-js": {
                      "version": "1.0.6"
                    },
                    "websocket-client": {
                      "version": "1.0.0"
                    },
                    "xmlhttprequest": {
                      "version": "1.2.2"
                    }
                  }
                },
                "connect": {
                  "version": "1.9.2",
                  "dependencies": {
                    "qs": {
                      "version": "0.5.0"
                    },
                    "mime": {
                      "version": "1.2.7"
                    },
                    "formidable": {
                      "version": "1.0.11"
                    }
                  }
                },
                "optimist": {
                  "version": "0.3.4",
                  "dependencies": {
                    "wordwrap": {
                      "version": "0.0.2"
                    }
                  }
                },
                "hat": {
                  "version": "0.0.3"
                }
              }
            },
            "node-uuid": {
              "version": "1.3.3"
            },
            "hooks": {
              "version": "0.2.1"
            },
            "connect": {
              "version": "2.4.4",
              "dependencies": {
                "qs": {
                  "version": "0.4.2"
                },
                "formidable": {
                  "version": "1.0.11"
                },
                "crc": {
                  "version": "0.2.0"
                },
                "bytes": {
                  "version": "0.1.0"
                },
                "send": {
                  "version": "0.0.4",
                  "dependencies": {
                    "mime": {
                      "version": "1.2.6"
                    },
                    "range-parser": {
                      "version": "0.0.4"
                    }
                  }
                },
                "fresh": {
                  "version": "0.1.0"
                },
                "pause": {
                  "version": "0.0.1"
                }
              }
            },
            "debug": {
              "version": "0.7.0"
            },
            "ansi-color": {
              "version": "0.2.1"
            },
            "cookie": {
              "version": "0.0.4"
            },
            "coffee-script": {
              "version": "1.3.3"
            }
          }
        },
        "chokidar": {
          "version": "0.4.0"
        },
        "stylus": {
          "version": "0.29.0",
          "dependencies": {
            "cssom": {
              "version": "0.2.5"
            },
            "debug": {
              "version": "0.7.0"
            }
          }
        },
        "less": {
          "version": "1.3.0"
        },
        "nib": {
          "version": "0.8.1"
        },
        "commander": {
          "version": "1.0.2",
          "dependencies": {
            "keypress": {
              "version": "0.1.0"
            }
          }
        },
        "mkdirp": {
          "version": "0.3.4"
        },
        "up": {
          "version": "0.2.2",
          "dependencies": {
            "eq": {
              "version": "0.1.0"
            },
            "ms": {
              "version": "0.1.0"
            },
            "debug": {
              "version": "0.1.0"
            },
            "commander": {
              "version": "0.6.1"
            },
            "distribute": {
              "version": "0.1.4",
              "dependencies": {
                "http-proxy": {
                  "version": "0.8.0",
                  "dependencies": {
                    "colors": {
                      "version": "0.6.0-1"
                    },
                    "optimist": {
                      "version": "0.2.8",
                      "dependencies": {
                        "wordwrap": {
                          "version": "0.0.2"
                        }
                      }
                    },
                    "pkginfo": {
                      "version": "0.2.3"
                    }
                  }
                }
              }
            }
          }
        }
      }
    },
    "express": {
      "version": "3.0.0beta4",
      "dependencies": {
        "connect": {
          "version": "2.3.4",
          "dependencies": {
            "qs": {
              "version": "0.4.2"
            },
            "mime": {
              "version": "1.2.4"
            },
            "formidable": {
              "version": "1.0.11"
            },
            "cookie": {
              "version": "0.0.4"
            },
            "fresh": {
              "version": "0.0.1"
            },
            "bytes": {
              "version": "0.0.1"
            }
          }
        },
        "commander": {
          "version": "0.6.1"
        },
        "range-parser": {
          "version": "0.0.4"
        },
        "mkdirp": {
          "version": "0.3.3"
        },
        "cookie": {
          "version": "0.0.3"
        },
        "crc": {
          "version": "0.2.0"
        },
        "fresh": {
          "version": "0.1.0"
        },
        "methods": {
          "version": "0.0.1"
        },
        "debug": {
          "version": "0.7.0"
        }
      }
    },
    "gzippo": {
      "version": "0.1.7",
      "dependencies": {
        "mime": {
          "version": "1.2.7"
        }
      }
    },
    "ql.io-engine": {
      "version": "0.7.2",
      "dependencies": {
        "winston": {
          "version": "0.5.11",
          "dependencies": {
            "colors": {
              "version": "0.6.0-1"
            },
            "eyes": {
              "version": "0.1.7"
            },
            "loggly": {
              "version": "0.3.11",
              "dependencies": {
                "request": {
                  "version": "2.9.203"
                },
                "timespan": {
                  "version": "2.2.0"
                }
              }
            },
            "pkginfo": {
              "version": "0.2.3"
            },
            "stack-trace": {
              "version": "0.0.6"
            }
          }
        },
        "xml2json": {
          "version": "0.2.4",
          "from": "https://github.com/ql-io/node-xml2json/tarball/master",
          "dependencies": {
            "node-expat": {
              "version": "1.6.1"
            }
          }
        },
        "ql.io-compiler": {
          "version": "0.7.2"
        },
        "ql.io-mutable-uri": {
          "version": "0.7.0"
        },
        "ql.io-uri-template": {
          "version": "0.7.0"
        },
        "ql.io-str-template": {
          "version": "0.7.0"
        },
        "JSONPath": {
          "version": "0.9.0"
        },
        "uri": {
          "version": "0.1.0"
        },
        "headers": {
          "version": "0.9.6"
        },
        "mustache": {
          "version": "0.4.0"
        },
        "ejs": {
          "version": "0.7.1"
        },
        "async": {
          "version": "0.1.18"
        },
        "dox": {
          "version": "0.2.0",
          "dependencies": {
            "github-flavored-markdown": {
              "version": "1.0.1"
            },
            "commander": {
              "version": "0.5.2"
            }
          }
        },
        "node-uuid": {
          "version": "1.3.3"
        },
        "markdown": {
          "version": "0.3.1"
        },
        "csv": {
          "version": "0.0.13"
        },
        "iconv": {
          "version": "1.1.3"
        },
        "charlie": {
          "version": "0.0.5"
        },
        "stream-buffers": {
          "version": "0.2.2",
          "from": "https://github.com/idralyuk/node-stream-buffer/tarball/master"
        },
        "form-data": {
          "version": "0.0.2",
          "dependencies": {
            "combined-stream": {
              "version": "0.0.3",
              "dependencies": {
                "delayed-stream": {
                  "version": "0.0.5"
                }
              }
            },
            "mime": {
              "version": "1.2.2"
            },
            "async": {
              "version": "0.1.9"
            }
          }
        }
      }
    },
    "socket.io": {
      "version": "0.9.10",
      "dependencies": {
        "socket.io-client": {
          "version": "0.9.10",
          "dependencies": {
            "uglify-js": {
              "version": "1.2.5"
            },
            "ws": {
              "version": "0.4.21",
              "dependencies": {
                "commander": {
                  "version": "0.6.1"
                },
                "tinycolor": {
                  "version": "0.0.1"
                },
                "options": {
                  "version": "0.0.3"
                }
              }
            },
            "xmlhttprequest": {
              "version": "1.4.2"
            },
            "active-x-obfuscator": {
              "version": "0.0.1",
              "dependencies": {
                "zeparser": {
                  "version": "0.0.5"
                }
              }
            }
          }
        },
        "policyfile": {
          "version": "0.0.4"
        },
        "redis": {
          "version": "0.7.2",
          "dependencies": {
            "hiredis": {
              "version": "0.1.14"
            }
          }
        }
      }
    },
    "underscore": {
      "version": "1.3.3"
    }
  }
}
